
Microsoft Visual Studio Solution File, Format Version 12.00
# Visual Studio Version 16
VisualStudioVersion = 16.0.31205.134
MinimumVisualStudioVersion = 10.0.40219.1
Project("{FAE04EC0-301F-11D3-BF4B-00C04F79EFBC}") = "Enums with byte", "Enums with byte.csproj", "{7DC36B59-7A53-443C-AB69-F13EAA92BF96}"
EndProject
Global
	GlobalSection(SolutionConfigurationPlatforms) = preSolution
		Debug|Any CPU = Debug|Any CPU
		Release|Any CPU = Release|Any CPU
	EndGlobalSection
	GlobalSection(ProjectConfigurationPlatforms) = postSolution
		{7DC36B59-7A53-443C-AB69-F13EAA92BF96}.Debug|Any CPU.ActiveCfg = Debug|Any CPU
		{7DC36B59-7A53-443C-AB69-F13EAA92BF96}.Debug|Any CPU.Build.0 = Debug|Any CPU
		{7DC36B59-7A53-443C-AB69-F13EAA92BF96}.Release|Any CPU.ActiveCfg = Release|Any CPU
		{7DC36B59-7A53-443C-AB69-F13EAA92BF96}.Release|Any CPU.Build.0 = Release|Any CPU
	EndGlobalSection
	GlobalSection(SolutionProperties) = preSolution
		HideSolutionNode = FALSE
	EndGlobalSection
	GlobalSection(ExtensibilityGlobals) = postSolution
		SolutionGuid = {9981061C-D2D7-4AC0-8E0A-3D224614F7E3}
	EndGlobalSection
EndGlobal
